# This file is autogenerated, do not edit; changes may be undone by the next 'dep ensure'.


[[projects]]
  name = "github.com/burntsushi/toml"
  packages = ["."]
  revision = "b26d9c308763d68093482582cea63d69be07a0f0"
  version = "v0.3.0"

[[projects]]
  name = "github.com/masci/flickr"
  packages = [".","error","photosets"]
  revision = "91a9ca45c6470ea51408fa2a3c3233790b2888a5"
  version = "0.1"

[solve-meta]
  analyzer-name = "dep"
  analyzer-version = 1
  inputs-digest = "11294ddccdf71e1abf2f3b653705fde76d1c9a0414f0ab4dfcd629d011b9cb98"
  solver-name = "gps-cdcl"
  solver-version = 1
